
Microsoft Visual Studio Solution File, Format Version 12.00
# Visual Studio Version 17
VisualStudioVersion = 17.7.34031.279
MinimumVisualStudioVersion = 10.0.40219.1
Project("{9A19103F-16F7-4668-BE54-9A1E7A4F7556}") = "SLJNUI_HFT_2023241.Client", "SLJNUI_HFT_2023241.Client\SLJNUI_HFT_2023241.Client.csproj", "{416DCD1D-353F-4F9A-A254-DBB436A81C9F}"
EndProject
Project("{9A19103F-16F7-4668-BE54-9A1E7A4F7556}") = "SLJNUI_HFT_2023241.Models", "SLJNUI_HFT_2023241.Models\SLJNUI_HFT_2023241.Models.csproj", "{1BC22B1A-2717-4223-9367-347A9089EBDE}"
EndProject
Project("{9A19103F-16F7-4668-BE54-9A1E7A4F7556}") = "SLJNUI_HFT_2023241.Logic", "SLJNUI_HFT_2023241.Logic\SLJNUI_HFT_2023241.Logic.csproj", "{0F0E7C8D-C94E-4A50-BB0D-A613882FAEE6}"
EndProject
Project("{9A19103F-16F7-4668-BE54-9A1E7A4F7556}") = "SLJNUI_HFT_2023241.Repository", "SLJNUI_HFT_2023241.Repository\SLJNUI_HFT_2023241.Repository.csproj", "{D43B0059-CD89-43BE-918A-6426CF510C1B}"
EndProject
Project("{FAE04EC0-301F-11D3-BF4B-00C04F79EFBC}") = "SLJNUI_HFT_2023241.Endpoint", "SLJNUI_HFT_2023241.Endpoint\SLJNUI_HFT_2023241.Endpoint.csproj", "{3BCCD782-A9A8-4E56-81DA-69894A70B422}"
EndProject
Project("{FAE04EC0-301F-11D3-BF4B-00C04F79EFBC}") = "SLJNUI_HFT_2023241.Test", "SLJNUI_HFT_2023241.Test\SLJNUI_HFT_2023241.Test.csproj", "{CF0498F5-5F17-418D-8D84-055E3B0A8F58}"
EndProject
Project("{2150E333-8FDC-42A3-9474-1A3956D46DE8}") = "Backend", "Backend", "{D692A052-EFEC-42A7-ABF1-2E5515738A33}"
EndProject
Project("{2150E333-8FDC-42A3-9474-1A3956D46DE8}") = "Frontend", "Frontend", "{5FA99A25-73D5-4555-B5C8-93B735B28665}"
EndProject
Project("{2150E333-8FDC-42A3-9474-1A3956D46DE8}") = "Shared", "Shared", "{02BD45E6-CFFF-4FE7-8EE9-5DCD434D61A6}"
EndProject
Global
	GlobalSection(SolutionConfigurationPlatforms) = preSolution
		Debug|Any CPU = Debug|Any CPU
		Release|Any CPU = Release|Any CPU
	EndGlobalSection
	GlobalSection(ProjectConfigurationPlatforms) = postSolution
		{416DCD1D-353F-4F9A-A254-DBB436A81C9F}.Debug|Any CPU.ActiveCfg = Debug|Any CPU
		{416DCD1D-353F-4F9A-A254-DBB436A81C9F}.Debug|Any CPU.Build.0 = Debug|Any CPU
		{416DCD1D-353F-4F9A-A254-DBB436A81C9F}.Release|Any CPU.ActiveCfg = Release|Any CPU
		{416DCD1D-353F-4F9A-A254-DBB436A81C9F}.Release|Any CPU.Build.0 = Release|Any CPU
		{1BC22B1A-2717-4223-9367-347A9089EBDE}.Debug|Any CPU.ActiveCfg = Debug|Any CPU
		{1BC22B1A-2717-4223-9367-347A9089EBDE}.Debug|Any CPU.Build.0 = Debug|Any CPU
		{1BC22B1A-2717-4223-9367-347A9089EBDE}.Release|Any CPU.ActiveCfg = Release|Any CPU
		{1BC22B1A-2717-4223-9367-347A9089EBDE}.Release|Any CPU.Build.0 = Release|Any CPU
		{0F0E7C8D-C94E-4A50-BB0D-A613882FAEE6}.Debug|Any CPU.ActiveCfg = Debug|Any CPU
		{0F0E7C8D-C94E-4A50-BB0D-A613882FAEE6}.Debug|Any CPU.Build.0 = Debug|Any CPU
		{0F0E7C8D-C94E-4A50-BB0D-A613882FAEE6}.Release|Any CPU.ActiveCfg = Release|Any CPU
		{0F0E7C8D-C94E-4A50-BB0D-A613882FAEE6}.Release|Any CPU.Build.0 = Release|Any CPU
		{D43B0059-CD89-43BE-918A-6426CF510C1B}.Debug|Any CPU.ActiveCfg = Debug|Any CPU
		{D43B0059-CD89-43BE-918A-6426CF510C1B}.Debug|Any CPU.Build.0 = Debug|Any CPU
		{D43B0059-CD89-43BE-918A-6426CF510C1B}.Release|Any CPU.ActiveCfg = Release|Any CPU
		{D43B0059-CD89-43BE-918A-6426CF510C1B}.Release|Any CPU.Build.0 = Release|Any CPU
		{3BCCD782-A9A8-4E56-81DA-69894A70B422}.Debug|Any CPU.ActiveCfg = Debug|Any CPU
		{3BCCD782-A9A8-4E56-81DA-69894A70B422}.Debug|Any CPU.Build.0 = Debug|Any CPU
		{3BCCD782-A9A8-4E56-81DA-69894A70B422}.Release|Any CPU.ActiveCfg = Release|Any CPU
		{3BCCD782-A9A8-4E56-81DA-69894A70B422}.Release|Any CPU.Build.0 = Release|Any CPU
		{CF0498F5-5F17-418D-8D84-055E3B0A8F58}.Debug|Any CPU.ActiveCfg = Debug|Any CPU
		{CF0498F5-5F17-418D-8D84-055E3B0A8F58}.Debug|Any CPU.Build.0 = Debug|Any CPU
		{CF0498F5-5F17-418D-8D84-055E3B0A8F58}.Release|Any CPU.ActiveCfg = Release|Any CPU
		{CF0498F5-5F17-418D-8D84-055E3B0A8F58}.Release|Any CPU.Build.0 = Release|Any CPU
	EndGlobalSection
	GlobalSection(SolutionProperties) = preSolution
		HideSolutionNode = FALSE
	EndGlobalSection
	GlobalSection(NestedProjects) = preSolution
		{416DCD1D-353F-4F9A-A254-DBB436A81C9F} = {5FA99A25-73D5-4555-B5C8-93B735B28665}
		{1BC22B1A-2717-4223-9367-347A9089EBDE} = {02BD45E6-CFFF-4FE7-8EE9-5DCD434D61A6}
		{0F0E7C8D-C94E-4A50-BB0D-A613882FAEE6} = {D692A052-EFEC-42A7-ABF1-2E5515738A33}
		{D43B0059-CD89-43BE-918A-6426CF510C1B} = {D692A052-EFEC-42A7-ABF1-2E5515738A33}
		{3BCCD782-A9A8-4E56-81DA-69894A70B422} = {D692A052-EFEC-42A7-ABF1-2E5515738A33}
		{CF0498F5-5F17-418D-8D84-055E3B0A8F58} = {D692A052-EFEC-42A7-ABF1-2E5515738A33}
	EndGlobalSection
	GlobalSection(ExtensibilityGlobals) = postSolution
		SolutionGuid = {427ED9BA-A5B8-4E5C-8D02-9266690BA948}
	EndGlobalSection
EndGlobal
